
Microsoft Visual Studio Solution File, Format Version 11.00
# Visual Studio 2010
Project("{FAE04EC0-301F-11D3-BF4B-00C04F79EFBC}") = "BusinessAccessLayer", "BusinessAccessLayer\BusinessAccessLayer.csproj", "{29255CAF-1CB4-4319-952B-17FEC77B69E1}"
EndProject
Project("{FAE04EC0-301F-11D3-BF4B-00C04F79EFBC}") = "DataAccessLayer", "DataAccessLayer\DataAccessLayer.csproj", "{3252F0A5-EF06-45B0-95CB-4C41DFB0234A}"
EndProject
Project("{FAE04EC0-301F-11D3-BF4B-00C04F79EFBC}") = "CMSTooling", "CMSTooling\CMSTooling.csproj", "{38CEF9D2-12E6-4B4B-ACBC-40D8D057C9AE}"
EndProject
Project("{54435603-DBB4-11D2-8724-00A0C9A8B90C}") = "Tube Cms", "Tube Cms\Tube Cms.vdproj", "{FCFCD86B-F8BF-40B6-94FD-D97FA00579F7}"
EndProject
Global
	GlobalSection(SolutionConfigurationPlatforms) = preSolution
		Debug|Any CPU = Debug|Any CPU
		Debug|Mixed Platforms = Debug|Mixed Platforms
		Debug|x86 = Debug|x86
		Release|Any CPU = Release|Any CPU
		Release|Mixed Platforms = Release|Mixed Platforms
		Release|x86 = Release|x86
	EndGlobalSection
	GlobalSection(ProjectConfigurationPlatforms) = postSolution
		{29255CAF-1CB4-4319-952B-17FEC77B69E1}.Debug|Any CPU.ActiveCfg = Debug|Any CPU
		{29255CAF-1CB4-4319-952B-17FEC77B69E1}.Debug|Any CPU.Build.0 = Debug|Any CPU
		{29255CAF-1CB4-4319-952B-17FEC77B69E1}.Debug|Mixed Platforms.ActiveCfg = Debug|Any CPU
		{29255CAF-1CB4-4319-952B-17FEC77B69E1}.Debug|Mixed Platforms.Build.0 = Debug|Any CPU
		{29255CAF-1CB4-4319-952B-17FEC77B69E1}.Debug|x86.ActiveCfg = Debug|Any CPU
		{29255CAF-1CB4-4319-952B-17FEC77B69E1}.Release|Any CPU.ActiveCfg = Release|Any CPU
		{29255CAF-1CB4-4319-952B-17FEC77B69E1}.Release|Any CPU.Build.0 = Release|Any CPU
		{29255CAF-1CB4-4319-952B-17FEC77B69E1}.Release|Mixed Platforms.ActiveCfg = Release|Any CPU
		{29255CAF-1CB4-4319-952B-17FEC77B69E1}.Release|Mixed Platforms.Build.0 = Release|Any CPU
		{29255CAF-1CB4-4319-952B-17FEC77B69E1}.Release|x86.ActiveCfg = Release|Any CPU
		{3252F0A5-EF06-45B0-95CB-4C41DFB0234A}.Debug|Any CPU.ActiveCfg = Debug|Any CPU
		{3252F0A5-EF06-45B0-95CB-4C41DFB0234A}.Debug|Any CPU.Build.0 = Debug|Any CPU
		{3252F0A5-EF06-45B0-95CB-4C41DFB0234A}.Debug|Mixed Platforms.ActiveCfg = Debug|Any CPU
		{3252F0A5-EF06-45B0-95CB-4C41DFB0234A}.Debug|Mixed Platforms.Build.0 = Debug|Any CPU
		{3252F0A5-EF06-45B0-95CB-4C41DFB0234A}.Debug|x86.ActiveCfg = Debug|Any CPU
		{3252F0A5-EF06-45B0-95CB-4C41DFB0234A}.Release|Any CPU.ActiveCfg = Release|Any CPU
		{3252F0A5-EF06-45B0-95CB-4C41DFB0234A}.Release|Any CPU.Build.0 = Release|Any CPU
		{3252F0A5-EF06-45B0-95CB-4C41DFB0234A}.Release|Mixed Platforms.ActiveCfg = Release|Any CPU
		{3252F0A5-EF06-45B0-95CB-4C41DFB0234A}.Release|Mixed Platforms.Build.0 = Release|Any CPU
		{3252F0A5-EF06-45B0-95CB-4C41DFB0234A}.Release|x86.ActiveCfg = Release|Any CPU
		{38CEF9D2-12E6-4B4B-ACBC-40D8D057C9AE}.Debug|Any CPU.ActiveCfg = Debug|x86
		{38CEF9D2-12E6-4B4B-ACBC-40D8D057C9AE}.Debug|Mixed Platforms.ActiveCfg = Debug|x86
		{38CEF9D2-12E6-4B4B-ACBC-40D8D057C9AE}.Debug|Mixed Platforms.Build.0 = Debug|x86
		{38CEF9D2-12E6-4B4B-ACBC-40D8D057C9AE}.Debug|x86.ActiveCfg = Debug|x86
		{38CEF9D2-12E6-4B4B-ACBC-40D8D057C9AE}.Debug|x86.Build.0 = Debug|x86
		{38CEF9D2-12E6-4B4B-ACBC-40D8D057C9AE}.Release|Any CPU.ActiveCfg = Release|x86
		{38CEF9D2-12E6-4B4B-ACBC-40D8D057C9AE}.Release|Mixed Platforms.ActiveCfg = Release|x86
		{38CEF9D2-12E6-4B4B-ACBC-40D8D057C9AE}.Release|Mixed Platforms.Build.0 = Release|x86
		{38CEF9D2-12E6-4B4B-ACBC-40D8D057C9AE}.Release|x86.ActiveCfg = Release|x86
		{38CEF9D2-12E6-4B4B-ACBC-40D8D057C9AE}.Release|x86.Build.0 = Release|x86
		{FCFCD86B-F8BF-40B6-94FD-D97FA00579F7}.Debug|Any CPU.ActiveCfg = Debug
		{FCFCD86B-F8BF-40B6-94FD-D97FA00579F7}.Debug|Mixed Platforms.ActiveCfg = Debug
		{FCFCD86B-F8BF-40B6-94FD-D97FA00579F7}.Debug|x86.ActiveCfg = Debug
		{FCFCD86B-F8BF-40B6-94FD-D97FA00579F7}.Release|Any CPU.ActiveCfg = Release
		{FCFCD86B-F8BF-40B6-94FD-D97FA00579F7}.Release|Mixed Platforms.ActiveCfg = Release
		{FCFCD86B-F8BF-40B6-94FD-D97FA00579F7}.Release|x86.ActiveCfg = Release
	EndGlobalSection
	GlobalSection(SolutionProperties) = preSolution
		HideSolutionNode = FALSE
	EndGlobalSection
EndGlobal
